
Microsoft Visual Studio Solution File, Format Version 12.00
# Visual Studio Version 17
VisualStudioVersion = 17.1.32407.343
MinimumVisualStudioVersion = 10.0.40219.1
Project("{9A19103F-16F7-4668-BE54-9A1E7A4F7556}") = "AsyncInitialization", "AsyncInitialization\AsyncInitialization.csproj", "{0AA22A51-4215-4A47-BB88-B4094C66CA18}"
EndProject
Global
	GlobalSection(SolutionConfigurationPlatforms) = preSolution
		Debug|Any CPU = Debug|Any CPU
		Release|Any CPU = Release|Any CPU
	EndGlobalSection
	GlobalSection(ProjectConfigurationPlatforms) = postSolution
		{0AA22A51-4215-4A47-BB88-B4094C66CA18}.Debug|Any CPU.ActiveCfg = Debug|Any CPU
		{0AA22A51-4215-4A47-BB88-B4094C66CA18}.Debug|Any CPU.Build.0 = Debug|Any CPU
		{0AA22A51-4215-4A47-BB88-B4094C66CA18}.Release|Any CPU.ActiveCfg = Release|Any CPU
		{0AA22A51-4215-4A47-BB88-B4094C66CA18}.Release|Any CPU.Build.0 = Release|Any CPU
	EndGlobalSection
	GlobalSection(SolutionProperties) = preSolution
		HideSolutionNode = FALSE
	EndGlobalSection
	GlobalSection(ExtensibilityGlobals) = postSolution
		SolutionGuid = {3EE67357-1CF9-495C-95DD-2ABD58C1190A}
	EndGlobalSection
EndGlobal
